
Microsoft Visual Studio Solution File, Format Version 12.00
# Visual Studio Version 17
VisualStudioVersion = 17.14.37301.10 d17.14
MinimumVisualStudioVersion = 10.0.40219.1
Project("{FAE04EC0-301F-11D3-BF4B-00C04F79EFBC}") = "FGAMApi", "FGAMApi\FGAMApi.csproj", "{B47B9238-6D6C-49AB-8EEB-4729D6414836}"
EndProject
Global
	GlobalSection(SolutionConfigurationPlatforms) = preSolution
		Debug|Any CPU = Debug|Any CPU
		Release|Any CPU = Release|Any CPU
	EndGlobalSection
	GlobalSection(ProjectConfigurationPlatforms) = postSolution
		{B47B9238-6D6C-49AB-8EEB-4729D6414836}.Debug|Any CPU.ActiveCfg = Debug|Any CPU
		{B47B9238-6D6C-49AB-8EEB-4729D6414836}.Debug|Any CPU.Build.0 = Debug|Any CPU
		{B47B9238-6D6C-49AB-8EEB-4729D6414836}.Release|Any CPU.ActiveCfg = Release|Any CPU
		{B47B9238-6D6C-49AB-8EEB-4729D6414836}.Release|Any CPU.Build.0 = Release|Any CPU
	EndGlobalSection
	GlobalSection(SolutionProperties) = preSolution
		HideSolutionNode = FALSE
	EndGlobalSection
	GlobalSection(ExtensibilityGlobals) = postSolution
		SolutionGuid = {4262D523-3549-4E1D-A858-50D6FC4C5C93}
	EndGlobalSection
EndGlobal
